
Microsoft Visual Studio Solution File, Format Version 12.00
# Visual Studio Version 17
VisualStudioVersion = 17.0.32112.339
MinimumVisualStudioVersion = 10.0.40219.1
Project("{2150E333-8FDC-42A3-9474-1A3956D46DE8}") = "Presentation", "Presentation", "{16BF9365-6821-4B69-B502-9422F7497F4D}"
EndProject
Project("{9A19103F-16F7-4668-BE54-9A1E7A4F7556}") = "TourBy.Web.Api", "Presentation\TourBy.Web.Api\TourBy.Web.Api.csproj", "{CF431269-80DE-4880-B523-A9BA8CD58609}"
EndProject
Project("{2150E333-8FDC-42A3-9474-1A3956D46DE8}") = "Data", "Data", "{ABF72596-42B5-494E-A85B-30E3C0559680}"
EndProject
Project("{9A19103F-16F7-4668-BE54-9A1E7A4F7556}") = "TourBy.Data.Persistent.Sql", "Data\TourBy.Data.Persistent.Sql\TourBy.Data.Persistent.Sql.csproj", "{06885022-CA16-486E-911D-02634D7F2A37}"
EndProject
Project("{9A19103F-16F7-4668-BE54-9A1E7A4F7556}") = "TourBy.Data.Persistent", "Data\TourBy.Data.Persistent\TourBy.Data.Persistent.csproj", "{D0BCFC4F-1575-4498-87F8-FF8102ACD004}"
EndProject
Project("{2150E333-8FDC-42A3-9474-1A3956D46DE8}") = "Domain", "Domain", "{5CFE57AB-7817-4E27-AA3C-35F5AAC98670}"
EndProject
Project("{9A19103F-16F7-4668-BE54-9A1E7A4F7556}") = "TourBy.Domain", "Domain\TourBy.Domain\TourBy.Domain.csproj", "{A249930C-5ADC-43C7-A39B-F66DBEED2017}"
EndProject
Project("{2150E333-8FDC-42A3-9474-1A3956D46DE8}") = "Application", "Application", "{E1586871-7AF6-4177-ACAC-715F56F3584C}"
EndProject
Project("{FAE04EC0-301F-11D3-BF4B-00C04F79EFBC}") = "TourBy.Application.Services", "Application\TourBy.Application.Services\TourBy.Application.Services.csproj", "{0BF671DC-0D1E-4026-8E6D-3F8492624946}"
EndProject
Global
	GlobalSection(SolutionConfigurationPlatforms) = preSolution
		Debug|Any CPU = Debug|Any CPU
		Release|Any CPU = Release|Any CPU
	EndGlobalSection
	GlobalSection(ProjectConfigurationPlatforms) = postSolution
		{CF431269-80DE-4880-B523-A9BA8CD58609}.Debug|Any CPU.ActiveCfg = Debug|Any CPU
		{CF431269-80DE-4880-B523-A9BA8CD58609}.Debug|Any CPU.Build.0 = Debug|Any CPU
		{CF431269-80DE-4880-B523-A9BA8CD58609}.Release|Any CPU.ActiveCfg = Release|Any CPU
		{CF431269-80DE-4880-B523-A9BA8CD58609}.Release|Any CPU.Build.0 = Release|Any CPU
		{06885022-CA16-486E-911D-02634D7F2A37}.Debug|Any CPU.ActiveCfg = Debug|Any CPU
		{06885022-CA16-486E-911D-02634D7F2A37}.Debug|Any CPU.Build.0 = Debug|Any CPU
		{06885022-CA16-486E-911D-02634D7F2A37}.Release|Any CPU.ActiveCfg = Release|Any CPU
		{06885022-CA16-486E-911D-02634D7F2A37}.Release|Any CPU.Build.0 = Release|Any CPU
		{D0BCFC4F-1575-4498-87F8-FF8102ACD004}.Debug|Any CPU.ActiveCfg = Debug|Any CPU
		{D0BCFC4F-1575-4498-87F8-FF8102ACD004}.Debug|Any CPU.Build.0 = Debug|Any CPU
		{D0BCFC4F-1575-4498-87F8-FF8102ACD004}.Release|Any CPU.ActiveCfg = Release|Any CPU
		{D0BCFC4F-1575-4498-87F8-FF8102ACD004}.Release|Any CPU.Build.0 = Release|Any CPU
		{A249930C-5ADC-43C7-A39B-F66DBEED2017}.Debug|Any CPU.ActiveCfg = Debug|Any CPU
		{A249930C-5ADC-43C7-A39B-F66DBEED2017}.Debug|Any CPU.Build.0 = Debug|Any CPU
		{A249930C-5ADC-43C7-A39B-F66DBEED2017}.Release|Any CPU.ActiveCfg = Release|Any CPU
		{A249930C-5ADC-43C7-A39B-F66DBEED2017}.Release|Any CPU.Build.0 = Release|Any CPU
		{0BF671DC-0D1E-4026-8E6D-3F8492624946}.Debug|Any CPU.ActiveCfg = Debug|Any CPU
		{0BF671DC-0D1E-4026-8E6D-3F8492624946}.Debug|Any CPU.Build.0 = Debug|Any CPU
		{0BF671DC-0D1E-4026-8E6D-3F8492624946}.Release|Any CPU.ActiveCfg = Release|Any CPU
		{0BF671DC-0D1E-4026-8E6D-3F8492624946}.Release|Any CPU.Build.0 = Release|Any CPU
	EndGlobalSection
	GlobalSection(SolutionProperties) = preSolution
		HideSolutionNode = FALSE
	EndGlobalSection
	GlobalSection(NestedProjects) = preSolution
		{CF431269-80DE-4880-B523-A9BA8CD58609} = {16BF9365-6821-4B69-B502-9422F7497F4D}
		{06885022-CA16-486E-911D-02634D7F2A37} = {ABF72596-42B5-494E-A85B-30E3C0559680}
		{D0BCFC4F-1575-4498-87F8-FF8102ACD004} = {ABF72596-42B5-494E-A85B-30E3C0559680}
		{A249930C-5ADC-43C7-A39B-F66DBEED2017} = {5CFE57AB-7817-4E27-AA3C-35F5AAC98670}
		{0BF671DC-0D1E-4026-8E6D-3F8492624946} = {E1586871-7AF6-4177-ACAC-715F56F3584C}
	EndGlobalSection
	GlobalSection(ExtensibilityGlobals) = postSolution
		SolutionGuid = {17D8AC2D-9CEC-4D92-8DC1-69A0FDD47B30}
	EndGlobalSection
EndGlobal
